
Microsoft Visual Studio Solution File, Format Version 12.00
# Visual Studio Version 17
VisualStudioVersion = 17.8.34525.116
MinimumVisualStudioVersion = 10.0.40219.1
Project("{FAE04EC0-301F-11D3-BF4B-00C04F79EFBC}") = "MunicipalServiceApp", "MunicipalServiceApp.csproj", "{F9131563-280F-456B-80F6-948F58236675}"
EndProject
Global
	GlobalSection(SolutionConfigurationPlatforms) = preSolution
		Debug|Any CPU = Debug|Any CPU
		Release|Any CPU = Release|Any CPU
	EndGlobalSection
	GlobalSection(ProjectConfigurationPlatforms) = postSolution
		{F9131563-280F-456B-80F6-948F58236675}.Debug|Any CPU.ActiveCfg = Debug|Any CPU
		{F9131563-280F-456B-80F6-948F58236675}.Debug|Any CPU.Build.0 = Debug|Any CPU
		{F9131563-280F-456B-80F6-948F58236675}.Release|Any CPU.ActiveCfg = Release|Any CPU
		{F9131563-280F-456B-80F6-948F58236675}.Release|Any CPU.Build.0 = Release|Any CPU
	EndGlobalSection
	GlobalSection(SolutionProperties) = preSolution
		HideSolutionNode = FALSE
	EndGlobalSection
	GlobalSection(ExtensibilityGlobals) = postSolution
		SolutionGuid = {407F5B0B-01CF-40D1-B6FB-E2DA18D679B2}
	EndGlobalSection
EndGlobal
